# This file is generated by running "yarn install" inside your project.
# Manual changes might be lost - proceed with caution!

__metadata:
  version: 8
  cacheKey: 10

"26672-yarn-v4-upgrade@workspace:.":
  version: 0.0.0-use.local
  resolution: "26672-yarn-v4-upgrade@workspace:."
  dependencies:
    "@types/node": "npm:16.11.47"
  languageName: unknown
  linkType: soft

"@types/node@npm:16.11.47":
  version: 16.11.47
  resolution: "@types/node@npm:16.11.47"
  checksum: 8/26811000753fd1bb9a90a563fc72942ac3ad5d5b6c97609a090c1e24210e040597ba060e55a7a46cb22cc84dafee112d741f45652139c6166e8ce0c970b4f05a
  languageName: node
  linkType: hard
