# This file is generated by running "yarn install" inside your project.
# Manual changes might be lost - proceed with caution!

__metadata:
  version: 6
  cacheKey: 8

"26672-yarn-v4-upgrade@workspace:.":
  version: 0.0.0-use.local
  resolution: "26672-yarn-v4-upgrade@workspace:."
  dependencies:
    "@types/node": 20.11.25
  languageName: unknown
  linkType: soft

"@types/node@npm:20.11.25":
  version: 20.11.25
  resolution: "@types/node@npm:20.11.25"
  dependencies:
    undici-types: ~5.26.4
  checksum: bdb29da3f3dc687a0104cb70e30b5277d9df8f22843a4ed94835762683a95a8a0ea0c2ed0cf96f6eeff348491dd50dd9b20307d08f71ba7cb489d54a81cbbfec
  languageName: node
  linkType: hard

"undici-types@npm:~5.26.4":
  version: 5.26.5
  resolution: "undici-types@npm:5.26.5"
  checksum: 3192ef6f3fd5df652f2dc1cd782b49d6ff14dc98e5dced492aa8a8c65425227da5da6aafe22523c67f035a272c599bb89cfe803c1db6311e44bed3042fc25487
  languageName: node
  linkType: hard
